// !$*UTF8*$!
{
	archiveVersion = 1;
	classes = {
	};
	objectVersion = 55;
	objects = {

/* Begin PBXBuildFile section */
		7803DB7028B3C7AE00AAA51E /* AppDelegate.swift in Sources */ = {isa = PBXBuildFile; fileRef = 7803DB6F28B3C7AE00AAA51E /* AppDelegate.swift */; };
		7803DB7228B3C7AE00AAA51E /* SceneDelegate.swift in Sources */ = {isa = PBXBuildFile; fileRef = 7803DB7128B3C7AE00AAA51E /* SceneDelegate.swift */; };
		7803DB7428B3C7AE00AAA51E /* ViewController.swift in Sources */ = {isa = PBXBuildFile; fileRef = 7803DB7328B3C7AE00AAA51E /* ViewController.swift */; };
		7803DB7728B3C7AE00AAA51E /* Main.storyboard in Resources */ = {isa = PBXBuildFile; fileRef = 7803DB7528B3C7AE00AAA51E /* Main.storyboard */; };
		7803DB7928B3C7B000AAA51E /* Assets.xcassets in Resources */ = {isa = PBXBuildFile; fileRef = 7803DB7828B3C7B000AAA51E /* Assets.xcassets */; };
		7803DB7C28B3C7B000AAA51E /* LaunchScreen.storyboard in Resources */ = {isa = PBXBuildFile; fileRef = 7803DB7A28B3C7B000AAA51E /* LaunchScreen.storyboard */; };
		7803DB8728B3C7B000AAA51E /* FoodyCatTests.swift in Sources */ = {isa = PBXBuildFile; fileRef = 7803DB8628B3C7B000AAA51E /* FoodyCatTests.swift */; };
		7803DB9128B3C7B000AAA51E /* FoodyCatUITests.swift in Sources */ = {isa = PBXBuildFile; fileRef = 7803DB9028B3C7B000AAA51E /* FoodyCatUITests.swift */; };
		7803DB9328B3C7B000AAA51E /* FoodyCatUITestsLaunchTests.swift in Sources */ = {isa = PBXBuildFile; fileRef = 7803DB9228B3C7B000AAA51E /* FoodyCatUITestsLaunchTests.swift */; };
/* End PBXBuildFile section */

/* Begin PBXContainerItemProxy section */
		7803DB8328B3C7B000AAA51E /* PBXContainerItemProxy */ = {
			isa = PBXContainerItemProxy;
			containerPortal = 7803DB6428B3C7AE00AAA51E /* Project object */;
			proxyType = 1;
			remoteGlobalIDString = 7803DB6B28B3C7AE00AAA51E;
			remoteInfo = FoodyCat;
		};
		7803DB8D28B3C7B000AAA51E /* PBXContainerItemProxy */ = {
			isa = PBXContainerItemProxy;
			containerPortal = 7803DB6428B3C7AE00AAA51E /* Project object */;
			proxyType = 1;
			remoteGlobalIDString = 7803DB6B28B3C7AE00AAA51E;
			remoteInfo = FoodyCat;
		};
/* End PBXContainerItemProxy section */

/* Begin PBXFileReference section */
		7803DB6C28B3C7AE00AAA51E /* FoodyCat.app */ = {isa = PBXFileReference; explicitFileType = wrapper.application; includeInIndex = 0; path = FoodyCat.app; sourceTree = BUILT_PRODUCTS_DIR; };
		7803DB6F28B3C7AE00AAA51E /* AppDelegate.swift */ = {isa = PBXFileReference; lastKnownFileType = sourcecode.swift; path = AppDelegate.swift; sourceTree = "<group>"; };
		7803DB7128B3C7AE00AAA51E /* SceneDelegate.swift */ = {isa = PBXFileReference; lastKnownFileType = sourcecode.swift; path = SceneDelegate.swift; sourceTree = "<group>"; };
		7803DB7328B3C7AE00AAA51E /* ViewController.swift */ = {isa = PBXFileReference; lastKnownFileType = sourcecode.swift; path = ViewController.swift; sourceTree = "<group>"; };
		7803DB7628B3C7AE00AAA51E /* Base */ = {isa = PBXFileReference; lastKnownFileType = file.storyboard; name = Base; path = Base.lproj/Main.storyboard; sourceTree = "<group>"; };
		7803DB7828B3C7B000AAA51E /* Assets.xcassets */ = {isa = PBXFileReference; lastKnownFileType = folder.assetcatalog; path = Assets.xcassets; sourceTree = "<group>"; };
		7803DB7B28B3C7B000AAA51E /* Base */ = {isa = PBXFileReference; lastKnownFileType = file.storyboard; name = Base; path = Base.lproj/LaunchScreen.storyboard; sourceTree = "<group>"; };
		7803DB7D28B3C7B000AAA51E /* Info.plist */ = {isa = PBXFileReference; lastKnownFileType = text.plist.xml; path = Info.plist; sourceTree = "<group>"; };
		7803DB8228B3C7B000AAA51E /* FoodyCatTests.xctest */ = {isa = PBXFileReference; explicitFileType = wrapper.cfbundle; includeInIndex = 0; path = FoodyCatTests.xctest; sourceTree = BUILT_PRODUCTS_DIR; };
		7803DB8628B3C7B000AAA51E /* FoodyCatTests.swift */ = {isa = PBXFileReference; lastKnownFileType = sourcecode.swift; path = FoodyCatTests.swift; sourceTree = "<group>"; };
		7803DB8C28B3C7B000AAA51E /* FoodyCatUITests.xctest */ = {isa = PBXFileReference; explicitFileType = wrapper.cfbundle; includeInIndex = 0; path = FoodyCatUITests.xctest; sourceTree = BUILT_PRODUCTS_DIR; };
		7803DB9028B3C7B000AAA51E /* FoodyCatUITests.swift */ = {isa = PBXFileReference; lastKnownFileType = sourcecode.swift; path = FoodyCatUITests.swift; sourceTree = "<group>"; };
		7803DB9228B3C7B000AAA51E /* FoodyCatUITestsLaunchTests.swift */ = {isa = PBXFileReference; lastKnownFileType = sourcecode.swift; path = FoodyCatUITestsLaunchTests.swift; sourceTree = "<group>"; };
/* End PBXFileReference section */

/* Begin PBXFrameworksBuildPhase section */
		7803DB6928B3C7AE00AAA51E /* Frameworks */ = {
			isa = PBXFrameworksBuildPhase;
			buildActionMask = 2147483647;
			files = (
			);
			runOnlyForDeploymentPostprocessing = 0;
		};
		7803DB7F28B3C7B000AAA51E /* Frameworks */ = {
			isa = PBXFrameworksBuildPhase;
			buildActionMask = 2147483647;
			files = (
			);
			runOnlyForDeploymentPostprocessing = 0;
		};
		7803DB8928B3C7B000AAA51E /* Frameworks */ = {
			isa = PBXFrameworksBuildPhase;
			buildActionMask = 2147483647;
			files = (
			);
			runOnlyForDeploymentPostprocessing = 0;
		};
/* End PBXFrameworksBuildPhase section */

/* Begin PBXGroup section */
		7803DB6328B3C7AE00AAA51E = {
			isa = PBXGroup;
			children = (
				7803DB6E28B3C7AE00AAA51E /* FoodyCat */,
				7803DB8528B3C7B000AAA51E /* FoodyCatTests */,
				7803DB8F28B3C7B000AAA51E /* FoodyCatUITests */,
				7803DB6D28B3C7AE00AAA51E /* Products */,
			);
			sourceTree = "<group>";
		};
		7803DB6D28B3C7AE00AAA51E /* Products */ = {
			isa = PBXGroup;
			children = (
				7803DB6C28B3C7AE00AAA51E /* FoodyCat.app */,
				7803DB8228B3C7B000AAA51E /* FoodyCatTests.xctest */,
				7803DB8C28B3C7B000AAA51E /* FoodyCatUITests.xctest */,
			);
			name = Products;
			sourceTree = "<group>";
		};
		7803DB6E28B3C7AE00AAA51E /* FoodyCat */ = {
			isa = PBXGroup;
			children = (
				7803DB6F28B3C7AE00AAA51E /* AppDelegate.swift */,
				7803DB7128B3C7AE00AAA51E /* SceneDelegate.swift */,
				7803DB7328B3C7AE00AAA51E /* ViewController.swift */,
				7803DB7528B3C7AE00AAA51E /* Main.storyboard */,
				7803DB7828B3C7B000AAA51E /* Assets.xcassets */,
				7803DB7A28B3C7B000AAA51E /* LaunchScreen.storyboard */,
				7803DB7D28B3C7B000AAA51E /* Info.plist */,
			);
			path = FoodyCat;
			sourceTree = "<group>";
		};
		7803DB8528B3C7B000AAA51E /* FoodyCatTests */ = {
			isa = PBXGroup;
			children = (
				7803DB8628B3C7B000AAA51E /* FoodyCatTests.swift */,
			);
			path = FoodyCatTests;
			sourceTree = "<group>";
		};
		7803DB8F28B3C7B000AAA51E /* FoodyCatUITests */ = {
			isa = PBXGroup;
			children = (
				7803DB9028B3C7B000AAA51E /* FoodyCatUITests.swift */,
				7803DB9228B3C7B000AAA51E /* FoodyCatUITestsLaunchTests.swift */,
			);
			path = FoodyCatUITests;
			sourceTree = "<group>";
		};
/* End PBXGroup section */

/* Begin PBXNativeTarget section */
		7803DB6B28B3C7AE00AAA51E /* FoodyCat */ = {
			isa = PBXNativeTarget;
			buildConfigurationList = 7803DB9628B3C7B000AAA51E /* Build configuration list for PBXNativeTarget "FoodyCat" */;
			buildPhases = (
				7803DB6828B3C7AE00AAA51E /* Sources */,
				7803DB6928B3C7AE00AAA51E /* Frameworks */,
				7803DB6A28B3C7AE00AAA51E /* Resources */,
			);
			buildRules = (
			);
			dependencies = (
			);
			name = FoodyCat;
			productName = FoodyCat;
			productReference = 7803DB6C28B3C7AE00AAA51E /* FoodyCat.app */;
			productType = "com.apple.product-type.application";
		};
		7803DB8128B3C7B000AAA51E /* FoodyCatTests */ = {
			isa = PBXNativeTarget;
			buildConfigurationList = 7803DB9928B3C7B000AAA51E /* Build configuration list for PBXNativeTarget "FoodyCatTests" */;
			buildPhases = (
				7803DB7E28B3C7B000AAA51E /* Sources */,
				7803DB7F28B3C7B000AAA51E /* Frameworks */,
				7803DB8028B3C7B000AAA51E /* Resources */,
			);
			buildRules = (
			);
			dependencies = (
				7803DB8428B3C7B000AAA51E /* PBXTargetDependency */,
			);
			name = FoodyCatTests;
			productName = FoodyCatTests;
			productReference = 7803DB8228B3C7B000AAA51E /* FoodyCatTests.xctest */;
			productType = "com.apple.product-type.bundle.unit-test";
		};
		7803DB8B28B3C7B000AAA51E /* FoodyCatUITests */ = {
			isa = PBXNativeTarget;
			buildConfigurationList = 7803DB9C28B3C7B000AAA51E /* Build configuration list for PBXNativeTarget "FoodyCatUITests" */;
			buildPhases = (
				7803DB8828B3C7B000AAA51E /* Sources */,
				7803DB8928B3C7B000AAA51E /* Frameworks */,
				7803DB8A28B3C7B000AAA51E /* Resources */,
			);
			buildRules = (
			);
			dependencies = (
				7803DB8E28B3C7B000AAA51E /* PBXTargetDependency */,
			);
			name = FoodyCatUITests;
			productName = FoodyCatUITests;
			productReference = 7803DB8C28B3C7B000AAA51E /* FoodyCatUITests.xctest */;
			productType = "com.apple.product-type.bundle.ui-testing";
		};
/* End PBXNativeTarget section */

/* Begin PBXProject section */
		7803DB6428B3C7AE00AAA51E /* Project object */ = {
			isa = PBXProject;
			attributes = {
				BuildIndependentTargetsInParallel = 1;
				LastSwiftUpdateCheck = 1340;
				LastUpgradeCheck = 1340;
				TargetAttributes = {
					7803DB6B28B3C7AE00AAA51E = {
						CreatedOnToolsVersion = 13.4.1;
					};
					7803DB8128B3C7B000AAA51E = {
						CreatedOnToolsVersion = 13.4.1;
						TestTargetID = 7803DB6B28B3C7AE00AAA51E;
					};
					7803DB8B28B3C7B000AAA51E = {
						CreatedOnToolsVersion = 13.4.1;
						TestTargetID = 7803DB6B28B3C7AE00AAA51E;
					};
				};
			};
			buildConfigurationList = 7803DB6728B3C7AE00AAA51E /* Build configuration list for PBXProject "FoodyCat" */;
			compatibilityVersion = "Xcode 13.0";
			developmentRegion = en;
			hasScannedForEncodings = 0;
			knownRegions = (
				en,
				Base,
			);
			mainGroup = 7803DB6328B3C7AE00AAA51E;
			productRefGroup = 7803DB6D28B3C7AE00AAA51E /* Products */;
			projectDirPath = "";
			projectRoot = "";
			targets = (
				7803DB6B28B3C7AE00AAA51E /* FoodyCat */,
				7803DB8128B3C7B000AAA51E /* FoodyCatTests */,
				7803DB8B28B3C7B000AAA51E /* FoodyCatUITests */,
			);
		};
/* End PBXProject section */

/* Begin PBXResourcesBuildPhase section */
		7803DB6A28B3C7AE00AAA51E /* Resources */ = {
			isa = PBXResourcesBuildPhase;
			buildActionMask = 2147483647;
			files = (
				7803DB7C28B3C7B000AAA51E /* LaunchScreen.storyboard in Resources */,
				7803DB7928B3C7B000AAA51E /* Assets.xcassets in Resources */,
				7803DB7728B3C7AE00AAA51E /* Main.storyboard in Resources */,
			);
			runOnlyForDeploymentPostprocessing = 0;
		};
		7803DB8028B3C7B000AAA51E /* Resources */ = {
			isa = PBXResourcesBuildPhase;
			buildActionMask = 2147483647;
			files = (
			);
			runOnlyForDeploymentPostprocessing = 0;
		};
		7803DB8A28B3C7B000AAA51E /* Resources */ = {
			isa = PBXResourcesBuildPhase;
			buildActionMask = 2147483647;
			files = (
			);
			runOnlyForDeploymentPostprocessing = 0;
		};
/* End PBXResourcesBuildPhase section */

/* Begin PBXSourcesBuildPhase section */
		7803DB6828B3C7AE00AAA51E /* Sources */ = {
			isa = PBXSourcesBuildPhase;
			buildActionMask = 2147483647;
			files = (
				7803DB7428B3C7AE00AAA51E /* ViewController.swift in Sources */,
				7803DB7028B3C7AE00AAA51E /* AppDelegate.swift in Sources */,
				7803DB7228B3C7AE00AAA51E /* SceneDelegate.swift in Sources */,
			);
			runOnlyForDeploymentPostprocessing = 0;
		};
		7803DB7E28B3C7B000AAA51E /* Sources */ = {
			isa = PBXSourcesBuildPhase;
			buildActionMask = 2147483647;
			files = (
				7803DB8728B3C7B000AAA51E /* FoodyCatTests.swift in Sources */,
			);
			runOnlyForDeploymentPostprocessing = 0;
		};
		7803DB8828B3C7B000AAA51E /* Sources */ = {
			isa = PBXSourcesBuildPhase;
			buildActionMask = 2147483647;
			files = (
				7803DB9328B3C7B000AAA51E /* FoodyCatUITestsLaunchTests.swift in Sources */,
				7803DB9128B3C7B000AAA51E /* FoodyCatUITests.swift in Sources */,
			);
			runOnlyForDeploymentPostprocessing = 0;
		};
/* End PBXSourcesBuildPhase section */

/* Begin PBXTargetDependency section */
		7803DB8428B3C7B000AAA51E /* PBXTargetDependency */ = {
			isa = PBXTargetDependency;
			target = 7803DB6B28B3C7AE00AAA51E /* FoodyCat */;
			targetProxy = 7803DB8328B3C7B000AAA51E /* PBXContainerItemProxy */;
		};
		7803DB8E28B3C7B000AAA51E /* PBXTargetDependency */ = {
			isa = PBXTargetDependency;
			target = 7803DB6B28B3C7AE00AAA51E /* FoodyCat */;
			targetProxy = 7803DB8D28B3C7B000AAA51E /* PBXContainerItemProxy */;
		};
/* End PBXTargetDependency section */

/* Begin PBXVariantGroup section */
		7803DB7528B3C7AE00AAA51E /* Main.storyboard */ = {
			isa = PBXVariantGroup;
			children = (
				7803DB7628B3C7AE00AAA51E /* Base */,
			);
			name = Main.storyboard;
			sourceTree = "<group>";
		};
		7803DB7A28B3C7B000AAA51E /* LaunchScreen.storyboard */ = {
			isa = PBXVariantGroup;
			children = (
				7803DB7B28B3C7B000AAA51E /* Base */,
			);
			name = LaunchScreen.storyboard;
			sourceTree = "<group>";
		};
/* End PBXVariantGroup section */

/* Begin XCBuildConfiguration section */
		7803DB9428B3C7B000AAA51E /* Debug */ = {
			isa = XCBuildConfiguration;
			buildSettings = {
				ALWAYS_SEARCH_USER_PATHS = NO;
				CLANG_ANALYZER_NONNULL = YES;
				CLANG_ANALYZER_NUMBER_OBJECT_CONVERSION = YES_AGGRESSIVE;
				CLANG_CXX_LANGUAGE_STANDARD = "gnu++17";
				CLANG_ENABLE_MODULES = YES;
				CLANG_ENABLE_OBJC_ARC = YES;
				CLANG_ENABLE_OBJC_WEAK = YES;
				CLANG_WARN_BLOCK_CAPTURE_AUTORELEASING = YES;
				CLANG_WARN_BOOL_CONVERSION = YES;
				CLANG_WARN_COMMA = YES;
				CLANG_WARN_CONSTANT_CONVERSION = YES;
				CLANG_WARN_DEPRECATED_OBJC_IMPLEMENTATIONS = YES;
				CLANG_WARN_DIRECT_OBJC_ISA_USAGE = YES_ERROR;
				CLANG_WARN_DOCUMENTATION_COMMENTS = YES;
				CLANG_WARN_EMPTY_BODY = YES;
				CLANG_WARN_ENUM_CONVERSION = YES;
				CLANG_WARN_INFINITE_RECURSION = YES;
				CLANG_WARN_INT_CONVERSION = YES;
				CLANG_WARN_NON_LITERAL_NULL_CONVERSION = YES;
				CLANG_WARN_OBJC_IMPLICIT_RETAIN_SELF = YES;
				CLANG_WARN_OBJC_LITERAL_CONVERSION = YES;
				CLANG_WARN_OBJC_ROOT_CLASS = YES_ERROR;
				CLANG_WARN_QUOTED_INCLUDE_IN_FRAMEWORK_HEADER = YES;
				CLANG_WARN_RANGE_LOOP_ANALYSIS = YES;
				CLANG_WARN_STRICT_PROTOTYPES = YES;
				CLANG_WARN_SUSPICIOUS_MOVE = YES;
				CLANG_WARN_UNGUARDED_AVAILABILITY = YES_AGGRESSIVE;
				CLANG_WARN_UNREACHABLE_CODE = YES;
				CLANG_WARN__DUPLICATE_METHOD_MATCH = YES;
				COPY_PHASE_STRIP = NO;
				DEBUG_INFORMATION_FORMAT = dwarf;
				ENABLE_STRICT_OBJC_MSGSEND = YES;
				ENABLE_TESTABILITY = YES;
				GCC_C_LANGUAGE_STANDARD = gnu11;
				GCC_DYNAMIC_NO_PIC = NO;
				GCC_NO_COMMON_BLOCKS = YES;
				GCC_OPTIMIZATION_LEVEL = 0;
				GCC_PREPROCESSOR_DEFINITIONS = (
					"DEBUG=1",
					"$(inherited)",
				);
				GCC_WARN_64_TO_32_BIT_CONVERSION = YES;
				GCC_WARN_ABOUT_RETURN_TYPE = YES_ERROR;
				GCC_WARN_UNDECLARED_SELECTOR = YES;
				GCC_WARN_UNINITIALIZED_AUTOS = YES_AGGRESSIVE;
				GCC_WARN_UNUSED_FUNCTION = YES;
				GCC_WARN_UNUSED_VARIABLE = YES;
				IPHONEOS_DEPLOYMENT_TARGET = 15.5;
				MTL_ENABLE_DEBUG_INFO = INCLUDE_SOURCE;
				MTL_FAST_MATH = YES;
				ONLY_ACTIVE_ARCH = YES;
				SDKROOT = iphoneos;
				SWIFT_ACTIVE_COMPILATION_CONDITIONS = DEBUG;
				SWIFT_OPTIMIZATION_LEVEL = "-Onone";
			};
			name = Debug;
		};
		7803DB9528B3C7B000AAA51E /* Release */ = {
			isa = XCBuildConfiguration;
			buildSettings = {
				ALWAYS_SEARCH_USER_PATHS = NO;
				CLANG_ANALYZER_NONNULL = YES;
				CLANG_ANALYZER_NUMBER_OBJECT_CONVERSION = YES_AGGRESSIVE;
				CLANG_CXX_LANGUAGE_STANDARD = "gnu++17";
				CLANG_ENABLE_MODULES = YES;
				CLANG_ENABLE_OBJC_ARC = YES;
				CLANG_ENABLE_OBJC_WEAK = YES;
				CLANG_WARN_BLOCK_CAPTURE_AUTORELEASING = YES;
				CLANG_WARN_BOOL_CONVERSION = YES;
				CLANG_WARN_COMMA = YES;
				CLANG_WARN_CONSTANT_CONVERSION = YES;
				CLANG_WARN_DEPRECATED_OBJC_IMPLEMENTATIONS = YES;
				CLANG_WARN_DIRECT_OBJC_ISA_USAGE = YES_ERROR;
				CLANG_WARN_DOCUMENTATION_COMMENTS = YES;
				CLANG_WARN_EMPTY_BODY = YES;
				CLANG_WARN_ENUM_CONVERSION = YES;
				CLANG_WARN_INFINITE_RECURSION = YES;
				CLANG_WARN_INT_CONVERSION = YES;
				CLANG_WARN_NON_LITERAL_NULL_CONVERSION = YES;
				CLANG_WARN_OBJC_IMPLICIT_RETAIN_SELF = YES;
				CLANG_WARN_OBJC_LITERAL_CONVERSION = YES;
				CLANG_WARN_OBJC_ROOT_CLASS = YES_ERROR;
				CLANG_WARN_QUOTED_INCLUDE_IN_FRAMEWORK_HEADER = YES;
				CLANG_WARN_RANGE_LOOP_ANALYSIS = YES;
				CLANG_WARN_STRICT_PROTOTYPES = YES;
				CLANG_WARN_SUSPICIOUS_MOVE = YES;
				CLANG_WARN_UNGUARDED_AVAILABILITY = YES_AGGRESSIVE;
				CLANG_WARN_UNREACHABLE_CODE = YES;
				CLANG_WARN__DUPLICATE_METHOD_MATCH = YES;
				COPY_PHASE_STRIP = NO;
				DEBUG_INFORMATION_FORMAT = "dwarf-with-dsym";
				ENABLE_NS_ASSERTIONS = NO;
				ENABLE_STRICT_OBJC_MSGSEND = YES;
				GCC_C_LANGUAGE_STANDARD = gnu11;
				GCC_NO_COMMON_BLOCKS = YES;
				GCC_WARN_64_TO_32_BIT_CONVERSION = YES;
				GCC_WARN_ABOUT_RETURN_TYPE = YES_ERROR;
				GCC_WARN_UNDECLARED_SELECTOR = YES;
				GCC_WARN_UNINITIALIZED_AUTOS = YES_AGGRESSIVE;
				GCC_WARN_UNUSED_FUNCTION = YES;
				GCC_WARN_UNUSED_VARIABLE = YES;
				IPHONEOS_DEPLOYMENT_TARGET = 15.5;
				MTL_ENABLE_DEBUG_INFO = NO;
				MTL_FAST_MATH = YES;
				SDKROOT = iphoneos;
				SWIFT_COMPILATION_MODE = wholemodule;
				SWIFT_OPTIMIZATION_LEVEL = "-O";
				VALIDATE_PRODUCT = YES;
			};
			name = Release;
		};
		7803DB9728B3C7B000AAA51E /* Debug */ = {
			isa = XCBuildConfiguration;
			buildSettings = {
				ASSETCATALOG_COMPILER_APPICON_NAME = AppIcon;
				ASSETCATALOG_COMPILER_GLOBAL_ACCENT_COLOR_NAME = AccentColor;
				CODE_SIGN_STYLE = Automatic;
				CURRENT_PROJECT_VERSION = 1;
				DEVELOPMENT_TEAM = L9FV89P3BZ;
				GENERATE_INFOPLIST_FILE = YES;
				INFOPLIST_FILE = FoodyCat/Info.plist;
				INFOPLIST_KEY_UIApplicationSupportsIndirectInputEvents = YES;
				INFOPLIST_KEY_UILaunchStoryboardName = LaunchScreen;
				INFOPLIST_KEY_UIMainStoryboardFile = Main;
				INFOPLIST_KEY_UISupportedInterfaceOrientations_iPad = "UIInterfaceOrientationPortrait UIInterfaceOrientationPortraitUpsideDown UIInterfaceOrientationLandscapeLeft UIInterfaceOrientationLandscapeRight";
				INFOPLIST_KEY_UISupportedInterfaceOrientations_iPhone = "UIInterfaceOrientationPortrait UIInterfaceOrientationLandscapeLeft UIInterfaceOrientationLandscapeRight";
				LD_RUNPATH_SEARCH_PATHS = (
					"$(inherited)",
					"@executable_path/Frameworks",
				);
				MARKETING_VERSION = 1.0;
				PRODUCT_BUNDLE_IDENTIFIER = jack.com.FoodyCat;
				PRODUCT_NAME = "$(TARGET_NAME)";
				SWIFT_EMIT_LOC_STRINGS = YES;
				SWIFT_VERSION = 5.0;
				TARGETED_DEVICE_FAMILY = "1,2";
			};
			name = Debug;
		};
		7803DB9828B3C7B000AAA51E /* Release */ = {
			isa = XCBuildConfiguration;
			buildSettings = {
				ASSETCATALOG_COMPILER_APPICON_NAME = AppIcon;
				ASSETCATALOG_COMPILER_GLOBAL_ACCENT_COLOR_NAME = AccentColor;
				CODE_SIGN_STYLE = Automatic;
				CURRENT_PROJECT_VERSION = 1;
				DEVELOPMENT_TEAM = L9FV89P3BZ;
				GENERATE_INFOPLIST_FILE = YES;
				INFOPLIST_FILE = FoodyCat/Info.plist;
				INFOPLIST_KEY_UIApplicationSupportsIndirectInputEvents = YES;
				INFOPLIST_KEY_UILaunchStoryboardName = LaunchScreen;
				INFOPLIST_KEY_UIMainStoryboardFile = Main;
				INFOPLIST_KEY_UISupportedInterfaceOrientations_iPad = "UIInterfaceOrientationPortrait UIInterfaceOrientationPortraitUpsideDown UIInterfaceOrientationLandscapeLeft UIInterfaceOrientationLandscapeRight";
				INFOPLIST_KEY_UISupportedInterfaceOrientations_iPhone = "UIInterfaceOrientationPortrait UIInterfaceOrientationLandscapeLeft UIInterfaceOrientationLandscapeRight";
				LD_RUNPATH_SEARCH_PATHS = (
					"$(inherited)",
					"@executable_path/Frameworks",
				);
				MARKETING_VERSION = 1.0;
				PRODUCT_BUNDLE_IDENTIFIER = jack.com.FoodyCat;
				PRODUCT_NAME = "$(TARGET_NAME)";
				SWIFT_EMIT_LOC_STRINGS = YES;
				SWIFT_VERSION = 5.0;
				TARGETED_DEVICE_FAMILY = "1,2";
			};
			name = Release;
		};
		7803DB9A28B3C7B000AAA51E /* Debug */ = {
			isa = XCBuildConfiguration;
			buildSettings = {
				ALWAYS_EMBED_SWIFT_STANDARD_LIBRARIES = YES;
				BUNDLE_LOADER = "$(TEST_HOST)";
				CODE_SIGN_STYLE = Automatic;
				CURRENT_PROJECT_VERSION = 1;
				DEVELOPMENT_TEAM = L9FV89P3BZ;
				GENERATE_INFOPLIST_FILE = YES;
				IPHONEOS_DEPLOYMENT_TARGET = 15.5;
				MARKETING_VERSION = 1.0;
				PRODUCT_BUNDLE_IDENTIFIER = jack.com.FoodyCatTests;
				PRODUCT_NAME = "$(TARGET_NAME)";
				SWIFT_EMIT_LOC_STRINGS = NO;
				SWIFT_VERSION = 5.0;
				TARGETED_DEVICE_FAMILY = "1,2";
				TEST_HOST = "$(BUILT_PRODUCTS_DIR)/FoodyCat.app/FoodyCat";
			};
			name = Debug;
		};
		7803DB9B28B3C7B000AAA51E /* Release */ = {
			isa = XCBuildConfiguration;
			buildSettings = {
				ALWAYS_EMBED_SWIFT_STANDARD_LIBRARIES = YES;
				BUNDLE_LOADER = "$(TEST_HOST)";
				CODE_SIGN_STYLE = Automatic;
				CURRENT_PROJECT_VERSION = 1;
				DEVELOPMENT_TEAM = L9FV89P3BZ;
				GENERATE_INFOPLIST_FILE = YES;
				IPHONEOS_DEPLOYMENT_TARGET = 15.5;
				MARKETING_VERSION = 1.0;
				PRODUCT_BUNDLE_IDENTIFIER = jack.com.FoodyCatTests;
				PRODUCT_NAME = "$(TARGET_NAME)";
				SWIFT_EMIT_LOC_STRINGS = NO;
				SWIFT_VERSION = 5.0;
				TARGETED_DEVICE_FAMILY = "1,2";
				TEST_HOST = "$(BUILT_PRODUCTS_DIR)/FoodyCat.app/FoodyCat";
			};
			name = Release;
		};
		7803DB9D28B3C7B000AAA51E /* Debug */ = {
			isa = XCBuildConfiguration;
			buildSettings = {
				ALWAYS_EMBED_SWIFT_STANDARD_LIBRARIES = YES;
				CODE_SIGN_STYLE = Automatic;
				CURRENT_PROJECT_VERSION = 1;
				DEVELOPMENT_TEAM = L9FV89P3BZ;
				GENERATE_INFOPLIST_FILE = YES;
				MARKETING_VERSION = 1.0;
				PRODUCT_BUNDLE_IDENTIFIER = jack.com.FoodyCatUITests;
				PRODUCT_NAME = "$(TARGET_NAME)";
				SWIFT_EMIT_LOC_STRINGS = NO;
				SWIFT_VERSION = 5.0;
				TARGETED_DEVICE_FAMILY = "1,2";
				TEST_TARGET_NAME = FoodyCat;
			};
			name = Debug;
		};
		7803DB9E28B3C7B000AAA51E /* Release */ = {
			isa = XCBuildConfiguration;
			buildSettings = {
				ALWAYS_EMBED_SWIFT_STANDARD_LIBRARIES = YES;
				CODE_SIGN_STYLE = Automatic;
				CURRENT_PROJECT_VERSION = 1;
				DEVELOPMENT_TEAM = L9FV89P3BZ;
				GENERATE_INFOPLIST_FILE = YES;
				MARKETING_VERSION = 1.0;
				PRODUCT_BUNDLE_IDENTIFIER = jack.com.FoodyCatUITests;
				PRODUCT_NAME = "$(TARGET_NAME)";
				SWIFT_EMIT_LOC_STRINGS = NO;
				SWIFT_VERSION = 5.0;
				TARGETED_DEVICE_FAMILY = "1,2";
				TEST_TARGET_NAME = FoodyCat;
			};
			name = Release;
		};
/* End XCBuildConfiguration section */

/* Begin XCConfigurationList section */
		7803DB6728B3C7AE00AAA51E /* Build configuration list for PBXProject "FoodyCat" */ = {
			isa = XCConfigurationList;
			buildConfigurations = (
				7803DB9428B3C7B000AAA51E /* Debug */,
				7803DB9528B3C7B000AAA51E /* Release */,
			);
			defaultConfigurationIsVisible = 0;
			defaultConfigurationName = Release;
		};
		7803DB9628B3C7B000AAA51E /* Build configuration list for PBXNativeTarget "FoodyCat" */ = {
			isa = XCConfigurationList;
			buildConfigurations = (
				7803DB9728B3C7B000AAA51E /* Debug */,
				7803DB9828B3C7B000AAA51E /* Release */,
			);
			defaultConfigurationIsVisible = 0;
			defaultConfigurationName = Release;
		};
		7803DB9928B3C7B000AAA51E /* Build configuration list for PBXNativeTarget "FoodyCatTests" */ = {
			isa = XCConfigurationList;
			buildConfigurations = (
				7803DB9A28B3C7B000AAA51E /* Debug */,
				7803DB9B28B3C7B000AAA51E /* Release */,
			);
			defaultConfigurationIsVisible = 0;
			defaultConfigurationName = Release;
		};
		7803DB9C28B3C7B000AAA51E /* Build configuration list for PBXNativeTarget "FoodyCatUITests" */ = {
			isa = XCConfigurationList;
			buildConfigurations = (
				7803DB9D28B3C7B000AAA51E /* Debug */,
				7803DB9E28B3C7B000AAA51E /* Release */,
			);
			defaultConfigurationIsVisible = 0;
			defaultConfigurationName = Release;
		};
/* End XCConfigurationList section */
	};
	rootObject = 7803DB6428B3C7AE00AAA51E /* Project object */;
}
